// !$*UTF8*$!
{
	archiveVersion = 1;
	classes = {
	};
	objectVersion = 56;
	objects = {

/* Begin PBXBuildFile section */
		A55F8D4329D991ED0024C1F7 /* Date+Extensions.swift in Sources */ = {isa = PBXBuildFile; fileRef = A55F8D4229D991ED0024C1F7 /* Date+Extensions.swift */; };
		A55F8D4729D9AE7B0024C1F7 /* Service.swift in Sources */ = {isa = PBXBuildFile; fileRef = A55F8D4629D9AE7B0024C1F7 /* Service.swift */; };
		A55F8D4C29D9B0110024C1F7 /* HTTP.swift in Sources */ = {isa = PBXBuildFile; fileRef = A55F8D4B29D9B0110024C1F7 /* HTTP.swift */; };
		A55F8D4F29D9B0E50024C1F7 /* WebserviceError.swift in Sources */ = {isa = PBXBuildFile; fileRef = A55F8D4E29D9B0E50024C1F7 /* WebserviceError.swift */; };
		A55F8D5129D9B3400024C1F7 /* ParseError.swift in Sources */ = {isa = PBXBuildFile; fileRef = A55F8D5029D9B3400024C1F7 /* ParseError.swift */; };
		A55F8D5429D9B8050024C1F7 /* Parser.swift in Sources */ = {isa = PBXBuildFile; fileRef = A55F8D5329D9B8050024C1F7 /* Parser.swift */; };
		A55F8D5629D9B9770024C1F7 /* WebService.swift in Sources */ = {isa = PBXBuildFile; fileRef = A55F8D5529D9B9770024C1F7 /* WebService.swift */; };
		A55F8D5829D9DD890024C1F7 /* Constant.swift in Sources */ = {isa = PBXBuildFile; fileRef = A55F8D5729D9DD890024C1F7 /* Constant.swift */; };
		A55F8D5A29D9E67A0024C1F7 /* MockService.swift in Sources */ = {isa = PBXBuildFile; fileRef = A55F8D5929D9E67A0024C1F7 /* MockService.swift */; };
		A55F8D5C29D9E7790024C1F7 /* File.swift in Sources */ = {isa = PBXBuildFile; fileRef = A55F8D5B29D9E7790024C1F7 /* File.swift */; };
		A55F8D5E29D9EAA00024C1F7 /* FileError.swift in Sources */ = {isa = PBXBuildFile; fileRef = A55F8D5D29D9EAA00024C1F7 /* FileError.swift */; };
		A55F8D6229D9F8450024C1F7 /* spacex-launch.json in Resources */ = {isa = PBXBuildFile; fileRef = A55F8D6129D9F8450024C1F7 /* spacex-launch.json */; };
		A55F8D6429D9F9070024C1F7 /* ServiceFactory.swift in Sources */ = {isa = PBXBuildFile; fileRef = A55F8D6329D9F9070024C1F7 /* ServiceFactory.swift */; };
		A57E25B529DA201400B628FF /* Assets.xcassets in Resources */ = {isa = PBXBuildFile; fileRef = A57E25B429DA201400B628FF /* Assets.xcassets */; };
		A5C06C3C29D8ADF100A81002 /* AppDelegate.swift in Sources */ = {isa = PBXBuildFile; fileRef = A5C06C3B29D8ADF100A81002 /* AppDelegate.swift */; };
		A5C06C3E29D8ADF100A81002 /* SceneDelegate.swift in Sources */ = {isa = PBXBuildFile; fileRef = A5C06C3D29D8ADF100A81002 /* SceneDelegate.swift */; };
		A5C06C4029D8ADF100A81002 /* LaunchScreenController.swift in Sources */ = {isa = PBXBuildFile; fileRef = A5C06C3F29D8ADF100A81002 /* LaunchScreenController.swift */; };
		A5C06C5329D8ADF200A81002 /* SpaceXTests.swift in Sources */ = {isa = PBXBuildFile; fileRef = A5C06C5229D8ADF200A81002 /* SpaceXTests.swift */; };
		A5C06C5D29D8ADF200A81002 /* SpaceXUITests.swift in Sources */ = {isa = PBXBuildFile; fileRef = A5C06C5C29D8ADF200A81002 /* SpaceXUITests.swift */; };
		A5C06C5F29D8ADF200A81002 /* SpaceXUITestsLaunchTests.swift in Sources */ = {isa = PBXBuildFile; fileRef = A5C06C5E29D8ADF200A81002 /* SpaceXUITestsLaunchTests.swift */; };
		A5C06C6D29D9780800A81002 /* LaunchModel.swift in Sources */ = {isa = PBXBuildFile; fileRef = A5C06C6C29D9780800A81002 /* LaunchModel.swift */; };
		A5C06C7329D9876800A81002 /* LaunchViewModel.swift in Sources */ = {isa = PBXBuildFile; fileRef = A5C06C7229D9876800A81002 /* LaunchViewModel.swift */; };
/* End PBXBuildFile section */

/* Begin PBXContainerItemProxy section */
		A5C06C4F29D8ADF200A81002 /* PBXContainerItemProxy */ = {
			isa = PBXContainerItemProxy;
			containerPortal = A5C06C3029D8ADF100A81002 /* Project object */;
			proxyType = 1;
			remoteGlobalIDString = A5C06C3729D8ADF100A81002;
			remoteInfo = SpaceX;
		};
		A5C06C5929D8ADF200A81002 /* PBXContainerItemProxy */ = {
			isa = PBXContainerItemProxy;
			containerPortal = A5C06C3029D8ADF100A81002 /* Project object */;
			proxyType = 1;
			remoteGlobalIDString = A5C06C3729D8ADF100A81002;
			remoteInfo = SpaceX;
		};
/* End PBXContainerItemProxy section */

/* Begin PBXFileReference section */
		A55F8D4229D991ED0024C1F7 /* Date+Extensions.swift */ = {isa = PBXFileReference; lastKnownFileType = sourcecode.swift; path = "Date+Extensions.swift"; sourceTree = "<group>"; };
		A55F8D4629D9AE7B0024C1F7 /* Service.swift */ = {isa = PBXFileReference; lastKnownFileType = sourcecode.swift; path = Service.swift; sourceTree = "<group>"; };
		A55F8D4B29D9B0110024C1F7 /* HTTP.swift */ = {isa = PBXFileReference; lastKnownFileType = sourcecode.swift; path = HTTP.swift; sourceTree = "<group>"; };
		A55F8D4E29D9B0E50024C1F7 /* WebserviceError.swift */ = {isa = PBXFileReference; lastKnownFileType = sourcecode.swift; path = WebserviceError.swift; sourceTree = "<group>"; };
		A55F8D5029D9B3400024C1F7 /* ParseError.swift */ = {isa = PBXFileReference; lastKnownFileType = sourcecode.swift; path = ParseError.swift; sourceTree = "<group>"; };
		A55F8D5329D9B8050024C1F7 /* Parser.swift */ = {isa = PBXFileReference; lastKnownFileType = sourcecode.swift; path = Parser.swift; sourceTree = "<group>"; };
		A55F8D5529D9B9770024C1F7 /* WebService.swift */ = {isa = PBXFileReference; lastKnownFileType = sourcecode.swift; path = WebService.swift; sourceTree = "<group>"; };
		A55F8D5729D9DD890024C1F7 /* Constant.swift */ = {isa = PBXFileReference; lastKnownFileType = sourcecode.swift; path = Constant.swift; sourceTree = "<group>"; };
		A55F8D5929D9E67A0024C1F7 /* MockService.swift */ = {isa = PBXFileReference; lastKnownFileType = sourcecode.swift; path = MockService.swift; sourceTree = "<group>"; };
		A55F8D5B29D9E7790024C1F7 /* File.swift */ = {isa = PBXFileReference; lastKnownFileType = sourcecode.swift; path = File.swift; sourceTree = "<group>"; };
		A55F8D5D29D9EAA00024C1F7 /* FileError.swift */ = {isa = PBXFileReference; lastKnownFileType = sourcecode.swift; path = FileError.swift; sourceTree = "<group>"; };
		A55F8D6129D9F8450024C1F7 /* spacex-launch.json */ = {isa = PBXFileReference; lastKnownFileType = text.json; path = "spacex-launch.json"; sourceTree = "<group>"; };
		A55F8D6329D9F9070024C1F7 /* ServiceFactory.swift */ = {isa = PBXFileReference; lastKnownFileType = sourcecode.swift; path = ServiceFactory.swift; sourceTree = "<group>"; };
		A57E25B429DA201400B628FF /* Assets.xcassets */ = {isa = PBXFileReference; lastKnownFileType = folder.assetcatalog; path = Assets.xcassets; sourceTree = "<group>"; };
		A5C06C3829D8ADF100A81002 /* SpaceX.app */ = {isa = PBXFileReference; explicitFileType = wrapper.application; includeInIndex = 0; path = SpaceX.app; sourceTree = BUILT_PRODUCTS_DIR; };
		A5C06C3B29D8ADF100A81002 /* AppDelegate.swift */ = {isa = PBXFileReference; lastKnownFileType = sourcecode.swift; path = AppDelegate.swift; sourceTree = "<group>"; };
		A5C06C3D29D8ADF100A81002 /* SceneDelegate.swift */ = {isa = PBXFileReference; lastKnownFileType = sourcecode.swift; path = SceneDelegate.swift; sourceTree = "<group>"; };
		A5C06C3F29D8ADF100A81002 /* LaunchScreenController.swift */ = {isa = PBXFileReference; lastKnownFileType = sourcecode.swift; path = LaunchScreenController.swift; sourceTree = "<group>"; };
		A5C06C4929D8ADF200A81002 /* Info.plist */ = {isa = PBXFileReference; lastKnownFileType = text.plist.xml; path = Info.plist; sourceTree = "<group>"; };
		A5C06C4E29D8ADF200A81002 /* SpaceXTests.xctest */ = {isa = PBXFileReference; explicitFileType = wrapper.cfbundle; includeInIndex = 0; path = SpaceXTests.xctest; sourceTree = BUILT_PRODUCTS_DIR; };
		A5C06C5229D8ADF200A81002 /* SpaceXTests.swift */ = {isa = PBXFileReference; lastKnownFileType = sourcecode.swift; path = SpaceXTests.swift; sourceTree = "<group>"; };
		A5C06C5829D8ADF200A81002 /* SpaceXUITests.xctest */ = {isa = PBXFileReference; explicitFileType = wrapper.cfbundle; includeInIndex = 0; path = SpaceXUITests.xctest; sourceTree = BUILT_PRODUCTS_DIR; };
		A5C06C5C29D8ADF200A81002 /* SpaceXUITests.swift */ = {isa = PBXFileReference; lastKnownFileType = sourcecode.swift; path = SpaceXUITests.swift; sourceTree = "<group>"; };
		A5C06C5E29D8ADF200A81002 /* SpaceXUITestsLaunchTests.swift */ = {isa = PBXFileReference; lastKnownFileType = sourcecode.swift; path = SpaceXUITestsLaunchTests.swift; sourceTree = "<group>"; };
		A5C06C6C29D9780800A81002 /* LaunchModel.swift */ = {isa = PBXFileReference; lastKnownFileType = sourcecode.swift; path = LaunchModel.swift; sourceTree = "<group>"; };
		A5C06C7229D9876800A81002 /* LaunchViewModel.swift */ = {isa = PBXFileReference; lastKnownFileType = sourcecode.swift; path = LaunchViewModel.swift; sourceTree = "<group>"; };
/* End PBXFileReference section */

/* Begin PBXFrameworksBuildPhase section */
		A5C06C3529D8ADF100A81002 /* Frameworks */ = {
			isa = PBXFrameworksBuildPhase;
			buildActionMask = 2147483647;
			files = (
			);
			runOnlyForDeploymentPostprocessing = 0;
		};
		A5C06C4B29D8ADF200A81002 /* Frameworks */ = {
			isa = PBXFrameworksBuildPhase;
			buildActionMask = 2147483647;
			files = (
			);
			runOnlyForDeploymentPostprocessing = 0;
		};
		A5C06C5529D8ADF200A81002 /* Frameworks */ = {
			isa = PBXFrameworksBuildPhase;
			buildActionMask = 2147483647;
			files = (
			);
			runOnlyForDeploymentPostprocessing = 0;
		};
/* End PBXFrameworksBuildPhase section */

/* Begin PBXGroup section */
		A55F8D4129D991CF0024C1F7 /* Extensions */ = {
			isa = PBXGroup;
			children = (
				A55F8D4229D991ED0024C1F7 /* Date+Extensions.swift */,
			);
			path = Extensions;
			sourceTree = "<group>";
		};
		A55F8D4429D9A0BE0024C1F7 /* Services */ = {
			isa = PBXGroup;
			children = (
				A55F8D6329D9F9070024C1F7 /* ServiceFactory.swift */,
				A55F8D5529D9B9770024C1F7 /* WebService.swift */,
				A55F8D5929D9E67A0024C1F7 /* MockService.swift */,
				A55F8D4B29D9B0110024C1F7 /* HTTP.swift */,
			);
			path = Services;
			sourceTree = "<group>";
		};
		A55F8D4529D9AE6C0024C1F7 /* Protocols */ = {
			isa = PBXGroup;
			children = (
				A55F8D4629D9AE7B0024C1F7 /* Service.swift */,
			);
			path = Protocols;
			sourceTree = "<group>";
		};
		A55F8D4D29D9B0D10024C1F7 /* ErrorHandling */ = {
			isa = PBXGroup;
			children = (
				A55F8D4E29D9B0E50024C1F7 /* WebserviceError.swift */,
				A55F8D5029D9B3400024C1F7 /* ParseError.swift */,
				A55F8D5D29D9EAA00024C1F7 /* FileError.swift */,
			);
			path = ErrorHandling;
			sourceTree = "<group>";
		};
		A55F8D5229D9B7EC0024C1F7 /* Utilities */ = {
			isa = PBXGroup;
			children = (
				A55F8D5729D9DD890024C1F7 /* Constant.swift */,
				A55F8D5329D9B8050024C1F7 /* Parser.swift */,
				A55F8D5B29D9E7790024C1F7 /* File.swift */,
			);
			path = Utilities;
			sourceTree = "<group>";
		};
		A55F8D5F29D9F8090024C1F7 /* Resources */ = {
			isa = PBXGroup;
			children = (
				A55F8D6029D9F8130024C1F7 /* JSON */,
			);
			path = Resources;
			sourceTree = "<group>";
		};
		A55F8D6029D9F8130024C1F7 /* JSON */ = {
			isa = PBXGroup;
			children = (
				A55F8D6129D9F8450024C1F7 /* spacex-launch.json */,
			);
			path = JSON;
			sourceTree = "<group>";
		};
		A57E25B629DA232D00B628FF /* Controllers */ = {
			isa = PBXGroup;
			children = (
				A5C06C3F29D8ADF100A81002 /* LaunchScreenController.swift */,
			);
			path = Controllers;
			sourceTree = "<group>";
		};
		A5C06C2F29D8ADF100A81002 = {
			isa = PBXGroup;
			children = (
				A5C06C3A29D8ADF100A81002 /* SpaceX */,
				A5C06C5129D8ADF200A81002 /* SpaceXTests */,
				A5C06C5B29D8ADF200A81002 /* SpaceXUITests */,
				A5C06C3929D8ADF100A81002 /* Products */,
			);
			sourceTree = "<group>";
		};
		A5C06C3929D8ADF100A81002 /* Products */ = {
			isa = PBXGroup;
			children = (
				A5C06C3829D8ADF100A81002 /* SpaceX.app */,
				A5C06C4E29D8ADF200A81002 /* SpaceXTests.xctest */,
				A5C06C5829D8ADF200A81002 /* SpaceXUITests.xctest */,
			);
			name = Products;
			sourceTree = "<group>";
		};
		A5C06C3A29D8ADF100A81002 /* SpaceX */ = {
			isa = PBXGroup;
			children = (
				A55F8D5F29D9F8090024C1F7 /* Resources */,
				A55F8D5229D9B7EC0024C1F7 /* Utilities */,
				A55F8D4D29D9B0D10024C1F7 /* ErrorHandling */,
				A55F8D4529D9AE6C0024C1F7 /* Protocols */,
				A55F8D4429D9A0BE0024C1F7 /* Services */,
				A55F8D4129D991CF0024C1F7 /* Extensions */,
				A5C06C7129D9875900A81002 /* ViewModels */,
				A5C06C6B29D9758500A81002 /* Models */,
				A57E25B629DA232D00B628FF /* Controllers */,
				A5C06C3B29D8ADF100A81002 /* AppDelegate.swift */,
				A5C06C3D29D8ADF100A81002 /* SceneDelegate.swift */,
				A57E25B429DA201400B628FF /* Assets.xcassets */,
				A5C06C4929D8ADF200A81002 /* Info.plist */,
			);
			path = SpaceX;
			sourceTree = "<group>";
		};
		A5C06C5129D8ADF200A81002 /* SpaceXTests */ = {
			isa = PBXGroup;
			children = (
				A5C06C5229D8ADF200A81002 /* SpaceXTests.swift */,
			);
			path = SpaceXTests;
			sourceTree = "<group>";
		};
		A5C06C5B29D8ADF200A81002 /* SpaceXUITests */ = {
			isa = PBXGroup;
			children = (
				A5C06C5C29D8ADF200A81002 /* SpaceXUITests.swift */,
				A5C06C5E29D8ADF200A81002 /* SpaceXUITestsLaunchTests.swift */,
			);
			path = SpaceXUITests;
			sourceTree = "<group>";
		};
		A5C06C6B29D9758500A81002 /* Models */ = {
			isa = PBXGroup;
			children = (
				A5C06C6C29D9780800A81002 /* LaunchModel.swift */,
			);
			path = Models;
			sourceTree = "<group>";
		};
		A5C06C7129D9875900A81002 /* ViewModels */ = {
			isa = PBXGroup;
			children = (
				A5C06C7229D9876800A81002 /* LaunchViewModel.swift */,
			);
			path = ViewModels;
			sourceTree = "<group>";
		};
/* End PBXGroup section */

/* Begin PBXNativeTarget section */
		A5C06C3729D8ADF100A81002 /* SpaceX */ = {
			isa = PBXNativeTarget;
			buildConfigurationList = A5C06C6229D8ADF200A81002 /* Build configuration list for PBXNativeTarget "SpaceX" */;
			buildPhases = (
				A5C06C3429D8ADF100A81002 /* Sources */,
				A5C06C3529D8ADF100A81002 /* Frameworks */,
				A5C06C3629D8ADF100A81002 /* Resources */,
			);
			buildRules = (
			);
			dependencies = (
			);
			name = SpaceX;
			productName = SpaceX;
			productReference = A5C06C3829D8ADF100A81002 /* SpaceX.app */;
			productType = "com.apple.product-type.application";
		};
		A5C06C4D29D8ADF200A81002 /* SpaceXTests */ = {
			isa = PBXNativeTarget;
			buildConfigurationList = A5C06C6529D8ADF200A81002 /* Build configuration list for PBXNativeTarget "SpaceXTests" */;
			buildPhases = (
				A5C06C4A29D8ADF200A81002 /* Sources */,
				A5C06C4B29D8ADF200A81002 /* Frameworks */,
				A5C06C4C29D8ADF200A81002 /* Resources */,
			);
			buildRules = (
			);
			dependencies = (
				A5C06C5029D8ADF200A81002 /* PBXTargetDependency */,
			);
			name = SpaceXTests;
			productName = SpaceXTests;
			productReference = A5C06C4E29D8ADF200A81002 /* SpaceXTests.xctest */;
			productType = "com.apple.product-type.bundle.unit-test";
		};
		A5C06C5729D8ADF200A81002 /* SpaceXUITests */ = {
			isa = PBXNativeTarget;
			buildConfigurationList = A5C06C6829D8ADF200A81002 /* Build configuration list for PBXNativeTarget "SpaceXUITests" */;
			buildPhases = (
				A5C06C5429D8ADF200A81002 /* Sources */,
				A5C06C5529D8ADF200A81002 /* Frameworks */,
				A5C06C5629D8ADF200A81002 /* Resources */,
			);
			buildRules = (
			);
			dependencies = (
				A5C06C5A29D8ADF200A81002 /* PBXTargetDependency */,
			);
			name = SpaceXUITests;
			productName = SpaceXUITests;
			productReference = A5C06C5829D8ADF200A81002 /* SpaceXUITests.xctest */;
			productType = "com.apple.product-type.bundle.ui-testing";
		};
/* End PBXNativeTarget section */

/* Begin PBXProject section */
		A5C06C3029D8ADF100A81002 /* Project object */ = {
			isa = PBXProject;
			attributes = {
				BuildIndependentTargetsInParallel = 1;
				LastSwiftUpdateCheck = 1420;
				LastUpgradeCheck = 1420;
				TargetAttributes = {
					A5C06C3729D8ADF100A81002 = {
						CreatedOnToolsVersion = 14.2;
					};
					A5C06C4D29D8ADF200A81002 = {
						CreatedOnToolsVersion = 14.2;
						TestTargetID = A5C06C3729D8ADF100A81002;
					};
					A5C06C5729D8ADF200A81002 = {
						CreatedOnToolsVersion = 14.2;
						TestTargetID = A5C06C3729D8ADF100A81002;
					};
				};
			};
			buildConfigurationList = A5C06C3329D8ADF100A81002 /* Build configuration list for PBXProject "SpaceX" */;
			compatibilityVersion = "Xcode 14.0";
			developmentRegion = en;
			hasScannedForEncodings = 0;
			knownRegions = (
				en,
				Base,
			);
			mainGroup = A5C06C2F29D8ADF100A81002;
			productRefGroup = A5C06C3929D8ADF100A81002 /* Products */;
			projectDirPath = "";
			projectRoot = "";
			targets = (
				A5C06C3729D8ADF100A81002 /* SpaceX */,
				A5C06C4D29D8ADF200A81002 /* SpaceXTests */,
				A5C06C5729D8ADF200A81002 /* SpaceXUITests */,
			);
		};
/* End PBXProject section */

/* Begin PBXResourcesBuildPhase section */
		A5C06C3629D8ADF100A81002 /* Resources */ = {
			isa = PBXResourcesBuildPhase;
			buildActionMask = 2147483647;
			files = (
				A57E25B529DA201400B628FF /* Assets.xcassets in Resources */,
				A55F8D6229D9F8450024C1F7 /* spacex-launch.json in Resources */,
			);
			runOnlyForDeploymentPostprocessing = 0;
		};
		A5C06C4C29D8ADF200A81002 /* Resources */ = {
			isa = PBXResourcesBuildPhase;
			buildActionMask = 2147483647;
			files = (
			);
			runOnlyForDeploymentPostprocessing = 0;
		};
		A5C06C5629D8ADF200A81002 /* Resources */ = {
			isa = PBXResourcesBuildPhase;
			buildActionMask = 2147483647;
			files = (
			);
			runOnlyForDeploymentPostprocessing = 0;
		};
/* End PBXResourcesBuildPhase section */

/* Begin PBXSourcesBuildPhase section */
		A5C06C3429D8ADF100A81002 /* Sources */ = {
			isa = PBXSourcesBuildPhase;
			buildActionMask = 2147483647;
			files = (
				A55F8D4C29D9B0110024C1F7 /* HTTP.swift in Sources */,
				A55F8D5429D9B8050024C1F7 /* Parser.swift in Sources */,
				A5C06C6D29D9780800A81002 /* LaunchModel.swift in Sources */,
				A55F8D4729D9AE7B0024C1F7 /* Service.swift in Sources */,
				A55F8D5E29D9EAA00024C1F7 /* FileError.swift in Sources */,
				A5C06C4029D8ADF100A81002 /* LaunchScreenController.swift in Sources */,
				A5C06C3C29D8ADF100A81002 /* AppDelegate.swift in Sources */,
				A55F8D5629D9B9770024C1F7 /* WebService.swift in Sources */,
				A5C06C7329D9876800A81002 /* LaunchViewModel.swift in Sources */,
				A55F8D4F29D9B0E50024C1F7 /* WebserviceError.swift in Sources */,
				A55F8D5A29D9E67A0024C1F7 /* MockService.swift in Sources */,
				A55F8D5C29D9E7790024C1F7 /* File.swift in Sources */,
				A55F8D5829D9DD890024C1F7 /* Constant.swift in Sources */,
				A55F8D5129D9B3400024C1F7 /* ParseError.swift in Sources */,
				A55F8D6429D9F9070024C1F7 /* ServiceFactory.swift in Sources */,
				A5C06C3E29D8ADF100A81002 /* SceneDelegate.swift in Sources */,
				A55F8D4329D991ED0024C1F7 /* Date+Extensions.swift in Sources */,
			);
			runOnlyForDeploymentPostprocessing = 0;
		};
		A5C06C4A29D8ADF200A81002 /* Sources */ = {
			isa = PBXSourcesBuildPhase;
			buildActionMask = 2147483647;
			files = (
				A5C06C5329D8ADF200A81002 /* SpaceXTests.swift in Sources */,
			);
			runOnlyForDeploymentPostprocessing = 0;
		};
		A5C06C5429D8ADF200A81002 /* Sources */ = {
			isa = PBXSourcesBuildPhase;
			buildActionMask = 2147483647;
			files = (
				A5C06C5F29D8ADF200A81002 /* SpaceXUITestsLaunchTests.swift in Sources */,
				A5C06C5D29D8ADF200A81002 /* SpaceXUITests.swift in Sources */,
			);
			runOnlyForDeploymentPostprocessing = 0;
		};
/* End PBXSourcesBuildPhase section */

/* Begin PBXTargetDependency section */
		A5C06C5029D8ADF200A81002 /* PBXTargetDependency */ = {
			isa = PBXTargetDependency;
			target = A5C06C3729D8ADF100A81002 /* SpaceX */;
			targetProxy = A5C06C4F29D8ADF200A81002 /* PBXContainerItemProxy */;
		};
		A5C06C5A29D8ADF200A81002 /* PBXTargetDependency */ = {
			isa = PBXTargetDependency;
			target = A5C06C3729D8ADF100A81002 /* SpaceX */;
			targetProxy = A5C06C5929D8ADF200A81002 /* PBXContainerItemProxy */;
		};
/* End PBXTargetDependency section */

/* Begin XCBuildConfiguration section */
		A5C06C6029D8ADF200A81002 /* Debug */ = {
			isa = XCBuildConfiguration;
			buildSettings = {
				ALWAYS_SEARCH_USER_PATHS = NO;
				CLANG_ANALYZER_NONNULL = YES;
				CLANG_ANALYZER_NUMBER_OBJECT_CONVERSION = YES_AGGRESSIVE;
				CLANG_CXX_LANGUAGE_STANDARD = "gnu++20";
				CLANG_ENABLE_MODULES = YES;
				CLANG_ENABLE_OBJC_ARC = YES;
				CLANG_ENABLE_OBJC_WEAK = YES;
				CLANG_WARN_BLOCK_CAPTURE_AUTORELEASING = YES;
				CLANG_WARN_BOOL_CONVERSION = YES;
				CLANG_WARN_COMMA = YES;
				CLANG_WARN_CONSTANT_CONVERSION = YES;
				CLANG_WARN_DEPRECATED_OBJC_IMPLEMENTATIONS = YES;
				CLANG_WARN_DIRECT_OBJC_ISA_USAGE = YES_ERROR;
				CLANG_WARN_DOCUMENTATION_COMMENTS = YES;
				CLANG_WARN_EMPTY_BODY = YES;
				CLANG_WARN_ENUM_CONVERSION = YES;
				CLANG_WARN_INFINITE_RECURSION = YES;
				CLANG_WARN_INT_CONVERSION = YES;
				CLANG_WARN_NON_LITERAL_NULL_CONVERSION = YES;
				CLANG_WARN_OBJC_IMPLICIT_RETAIN_SELF = YES;
				CLANG_WARN_OBJC_LITERAL_CONVERSION = YES;
				CLANG_WARN_OBJC_ROOT_CLASS = YES_ERROR;
				CLANG_WARN_QUOTED_INCLUDE_IN_FRAMEWORK_HEADER = YES;
				CLANG_WARN_RANGE_LOOP_ANALYSIS = YES;
				CLANG_WARN_STRICT_PROTOTYPES = YES;
				CLANG_WARN_SUSPICIOUS_MOVE = YES;
				CLANG_WARN_UNGUARDED_AVAILABILITY = YES_AGGRESSIVE;
				CLANG_WARN_UNREACHABLE_CODE = YES;
				CLANG_WARN__DUPLICATE_METHOD_MATCH = YES;
				COPY_PHASE_STRIP = NO;
				DEBUG_INFORMATION_FORMAT = dwarf;
				ENABLE_STRICT_OBJC_MSGSEND = YES;
				ENABLE_TESTABILITY = YES;
				GCC_C_LANGUAGE_STANDARD = gnu11;
				GCC_DYNAMIC_NO_PIC = NO;
				GCC_NO_COMMON_BLOCKS = YES;
				GCC_OPTIMIZATION_LEVEL = 0;
				GCC_PREPROCESSOR_DEFINITIONS = (
					"DEBUG=1",
					"$(inherited)",
				);
				GCC_WARN_64_TO_32_BIT_CONVERSION = YES;
				GCC_WARN_ABOUT_RETURN_TYPE = YES_ERROR;
				GCC_WARN_UNDECLARED_SELECTOR = YES;
				GCC_WARN_UNINITIALIZED_AUTOS = YES_AGGRESSIVE;
				GCC_WARN_UNUSED_FUNCTION = YES;
				GCC_WARN_UNUSED_VARIABLE = YES;
				IPHONEOS_DEPLOYMENT_TARGET = 16.2;
				MTL_ENABLE_DEBUG_INFO = INCLUDE_SOURCE;
				MTL_FAST_MATH = YES;
				ONLY_ACTIVE_ARCH = YES;
				SDKROOT = iphoneos;
				SWIFT_ACTIVE_COMPILATION_CONDITIONS = DEBUG;
				SWIFT_OPTIMIZATION_LEVEL = "-Onone";
			};
			name = Debug;
		};
		A5C06C6129D8ADF200A81002 /* Release */ = {
			isa = XCBuildConfiguration;
			buildSettings = {
				ALWAYS_SEARCH_USER_PATHS = NO;
				CLANG_ANALYZER_NONNULL = YES;
				CLANG_ANALYZER_NUMBER_OBJECT_CONVERSION = YES_AGGRESSIVE;
				CLANG_CXX_LANGUAGE_STANDARD = "gnu++20";
				CLANG_ENABLE_MODULES = YES;
				CLANG_ENABLE_OBJC_ARC = YES;
				CLANG_ENABLE_OBJC_WEAK = YES;
				CLANG_WARN_BLOCK_CAPTURE_AUTORELEASING = YES;
				CLANG_WARN_BOOL_CONVERSION = YES;
				CLANG_WARN_COMMA = YES;
				CLANG_WARN_CONSTANT_CONVERSION = YES;
				CLANG_WARN_DEPRECATED_OBJC_IMPLEMENTATIONS = YES;
				CLANG_WARN_DIRECT_OBJC_ISA_USAGE = YES_ERROR;
				CLANG_WARN_DOCUMENTATION_COMMENTS = YES;
				CLANG_WARN_EMPTY_BODY = YES;
				CLANG_WARN_ENUM_CONVERSION = YES;
				CLANG_WARN_INFINITE_RECURSION = YES;
				CLANG_WARN_INT_CONVERSION = YES;
				CLANG_WARN_NON_LITERAL_NULL_CONVERSION = YES;
				CLANG_WARN_OBJC_IMPLICIT_RETAIN_SELF = YES;
				CLANG_WARN_OBJC_LITERAL_CONVERSION = YES;
				CLANG_WARN_OBJC_ROOT_CLASS = YES_ERROR;
				CLANG_WARN_QUOTED_INCLUDE_IN_FRAMEWORK_HEADER = YES;
				CLANG_WARN_RANGE_LOOP_ANALYSIS = YES;
				CLANG_WARN_STRICT_PROTOTYPES = YES;
				CLANG_WARN_SUSPICIOUS_MOVE = YES;
				CLANG_WARN_UNGUARDED_AVAILABILITY = YES_AGGRESSIVE;
				CLANG_WARN_UNREACHABLE_CODE = YES;
				CLANG_WARN__DUPLICATE_METHOD_MATCH = YES;
				COPY_PHASE_STRIP = NO;
				DEBUG_INFORMATION_FORMAT = "dwarf-with-dsym";
				ENABLE_NS_ASSERTIONS = NO;
				ENABLE_STRICT_OBJC_MSGSEND = YES;
				GCC_C_LANGUAGE_STANDARD = gnu11;
				GCC_NO_COMMON_BLOCKS = YES;
				GCC_WARN_64_TO_32_BIT_CONVERSION = YES;
				GCC_WARN_ABOUT_RETURN_TYPE = YES_ERROR;
				GCC_WARN_UNDECLARED_SELECTOR = YES;
				GCC_WARN_UNINITIALIZED_AUTOS = YES_AGGRESSIVE;
				GCC_WARN_UNUSED_FUNCTION = YES;
				GCC_WARN_UNUSED_VARIABLE = YES;
				IPHONEOS_DEPLOYMENT_TARGET = 16.2;
				MTL_ENABLE_DEBUG_INFO = NO;
				MTL_FAST_MATH = YES;
				SDKROOT = iphoneos;
				SWIFT_COMPILATION_MODE = wholemodule;
				SWIFT_OPTIMIZATION_LEVEL = "-O";
				VALIDATE_PRODUCT = YES;
			};
			name = Release;
		};
		A5C06C6329D8ADF200A81002 /* Debug */ = {
			isa = XCBuildConfiguration;
			buildSettings = {
				ASSETCATALOG_COMPILER_APPICON_NAME = AppIcon;
				ASSETCATALOG_COMPILER_GLOBAL_ACCENT_COLOR_NAME = AccentColor;
				CODE_SIGN_STYLE = Automatic;
				CURRENT_PROJECT_VERSION = 1;
				DEVELOPMENT_TEAM = 2VVNCY5AAT;
				GENERATE_INFOPLIST_FILE = YES;
				INFOPLIST_FILE = SpaceX/Info.plist;
				INFOPLIST_KEY_CFBundleDisplayName = SpaceX;
				INFOPLIST_KEY_UIApplicationSupportsIndirectInputEvents = YES;
				INFOPLIST_KEY_UILaunchStoryboardName = LaunchScreen;
				INFOPLIST_KEY_UISupportedInterfaceOrientations_iPad = "UIInterfaceOrientationPortrait UIInterfaceOrientationPortraitUpsideDown UIInterfaceOrientationLandscapeLeft UIInterfaceOrientationLandscapeRight";
				INFOPLIST_KEY_UISupportedInterfaceOrientations_iPhone = "UIInterfaceOrientationPortrait UIInterfaceOrientationLandscapeLeft UIInterfaceOrientationLandscapeRight";
				LD_RUNPATH_SEARCH_PATHS = (
					"$(inherited)",
					"@executable_path/Frameworks",
				);
				MARKETING_VERSION = 0.1.0;
				PRODUCT_BUNDLE_IDENTIFIER = com.apple.caleb.SpaceX;
				PRODUCT_NAME = "$(TARGET_NAME)";
				SUPPORTED_PLATFORMS = "iphoneos iphonesimulator";
				SUPPORTS_MACCATALYST = NO;
				SUPPORTS_MAC_DESIGNED_FOR_IPHONE_IPAD = NO;
				SWIFT_EMIT_LOC_STRINGS = YES;
				SWIFT_VERSION = 5.0;
				TARGETED_DEVICE_FAMILY = 1;
			};
			name = Debug;
		};
		A5C06C6429D8ADF200A81002 /* Release */ = {
			isa = XCBuildConfiguration;
			buildSettings = {
				ASSETCATALOG_COMPILER_APPICON_NAME = AppIcon;
				ASSETCATALOG_COMPILER_GLOBAL_ACCENT_COLOR_NAME = AccentColor;
				CODE_SIGN_STYLE = Automatic;
				CURRENT_PROJECT_VERSION = 1;
				DEVELOPMENT_TEAM = 2VVNCY5AAT;
				GENERATE_INFOPLIST_FILE = YES;
				INFOPLIST_FILE = SpaceX/Info.plist;
				INFOPLIST_KEY_CFBundleDisplayName = SpaceX;
				INFOPLIST_KEY_UIApplicationSupportsIndirectInputEvents = YES;
				INFOPLIST_KEY_UILaunchStoryboardName = LaunchScreen;
				INFOPLIST_KEY_UISupportedInterfaceOrientations_iPad = "UIInterfaceOrientationPortrait UIInterfaceOrientationPortraitUpsideDown UIInterfaceOrientationLandscapeLeft UIInterfaceOrientationLandscapeRight";
				INFOPLIST_KEY_UISupportedInterfaceOrientations_iPhone = "UIInterfaceOrientationPortrait UIInterfaceOrientationLandscapeLeft UIInterfaceOrientationLandscapeRight";
				LD_RUNPATH_SEARCH_PATHS = (
					"$(inherited)",
					"@executable_path/Frameworks",
				);
				MARKETING_VERSION = 0.1.0;
				PRODUCT_BUNDLE_IDENTIFIER = com.apple.caleb.SpaceX;
				PRODUCT_NAME = "$(TARGET_NAME)";
				SUPPORTED_PLATFORMS = "iphoneos iphonesimulator";
				SUPPORTS_MACCATALYST = NO;
				SUPPORTS_MAC_DESIGNED_FOR_IPHONE_IPAD = NO;
				SWIFT_EMIT_LOC_STRINGS = YES;
				SWIFT_VERSION = 5.0;
				TARGETED_DEVICE_FAMILY = 1;
			};
			name = Release;
		};
		A5C06C6629D8ADF200A81002 /* Debug */ = {
			isa = XCBuildConfiguration;
			buildSettings = {
				ALWAYS_EMBED_SWIFT_STANDARD_LIBRARIES = YES;
				BUNDLE_LOADER = "$(TEST_HOST)";
				CODE_SIGN_STYLE = Automatic;
				CURRENT_PROJECT_VERSION = 1;
				DEVELOPMENT_TEAM = 2VVNCY5AAT;
				GENERATE_INFOPLIST_FILE = YES;
				IPHONEOS_DEPLOYMENT_TARGET = 16.2;
				MARKETING_VERSION = 1.0;
				PRODUCT_BUNDLE_IDENTIFIER = com.apple.caleb.SpaceXTests;
				PRODUCT_NAME = "$(TARGET_NAME)";
				SWIFT_EMIT_LOC_STRINGS = NO;
				SWIFT_VERSION = 5.0;
				TARGETED_DEVICE_FAMILY = "1,2";
				TEST_HOST = "$(BUILT_PRODUCTS_DIR)/SpaceX.app/$(BUNDLE_EXECUTABLE_FOLDER_PATH)/SpaceX";
			};
			name = Debug;
		};
		A5C06C6729D8ADF200A81002 /* Release */ = {
			isa = XCBuildConfiguration;
			buildSettings = {
				ALWAYS_EMBED_SWIFT_STANDARD_LIBRARIES = YES;
				BUNDLE_LOADER = "$(TEST_HOST)";
				CODE_SIGN_STYLE = Automatic;
				CURRENT_PROJECT_VERSION = 1;
				DEVELOPMENT_TEAM = 2VVNCY5AAT;
				GENERATE_INFOPLIST_FILE = YES;
				IPHONEOS_DEPLOYMENT_TARGET = 16.2;
				MARKETING_VERSION = 1.0;
				PRODUCT_BUNDLE_IDENTIFIER = com.apple.caleb.SpaceXTests;
				PRODUCT_NAME = "$(TARGET_NAME)";
				SWIFT_EMIT_LOC_STRINGS = NO;
				SWIFT_VERSION = 5.0;
				TARGETED_DEVICE_FAMILY = "1,2";
				TEST_HOST = "$(BUILT_PRODUCTS_DIR)/SpaceX.app/$(BUNDLE_EXECUTABLE_FOLDER_PATH)/SpaceX";
			};
			name = Release;
		};
		A5C06C6929D8ADF200A81002 /* Debug */ = {
			isa = XCBuildConfiguration;
			buildSettings = {
				ALWAYS_EMBED_SWIFT_STANDARD_LIBRARIES = YES;
				CODE_SIGN_STYLE = Automatic;
				CURRENT_PROJECT_VERSION = 1;
				DEVELOPMENT_TEAM = 2VVNCY5AAT;
				GENERATE_INFOPLIST_FILE = YES;
				MARKETING_VERSION = 1.0;
				PRODUCT_BUNDLE_IDENTIFIER = com.apple.caleb.SpaceXUITests;
				PRODUCT_NAME = "$(TARGET_NAME)";
				SWIFT_EMIT_LOC_STRINGS = NO;
				SWIFT_VERSION = 5.0;
				TARGETED_DEVICE_FAMILY = "1,2";
				TEST_TARGET_NAME = SpaceX;
			};
			name = Debug;
		};
		A5C06C6A29D8ADF200A81002 /* Release */ = {
			isa = XCBuildConfiguration;
			buildSettings = {
				ALWAYS_EMBED_SWIFT_STANDARD_LIBRARIES = YES;
				CODE_SIGN_STYLE = Automatic;
				CURRENT_PROJECT_VERSION = 1;
				DEVELOPMENT_TEAM = 2VVNCY5AAT;
				GENERATE_INFOPLIST_FILE = YES;
				MARKETING_VERSION = 1.0;
				PRODUCT_BUNDLE_IDENTIFIER = com.apple.caleb.SpaceXUITests;
				PRODUCT_NAME = "$(TARGET_NAME)";
				SWIFT_EMIT_LOC_STRINGS = NO;
				SWIFT_VERSION = 5.0;
				TARGETED_DEVICE_FAMILY = "1,2";
				TEST_TARGET_NAME = SpaceX;
			};
			name = Release;
		};
/* End XCBuildConfiguration section */

/* Begin XCConfigurationList section */
		A5C06C3329D8ADF100A81002 /* Build configuration list for PBXProject "SpaceX" */ = {
			isa = XCConfigurationList;
			buildConfigurations = (
				A5C06C6029D8ADF200A81002 /* Debug */,
				A5C06C6129D8ADF200A81002 /* Release */,
			);
			defaultConfigurationIsVisible = 0;
			defaultConfigurationName = Release;
		};
		A5C06C6229D8ADF200A81002 /* Build configuration list for PBXNativeTarget "SpaceX" */ = {
			isa = XCConfigurationList;
			buildConfigurations = (
				A5C06C6329D8ADF200A81002 /* Debug */,
				A5C06C6429D8ADF200A81002 /* Release */,
			);
			defaultConfigurationIsVisible = 0;
			defaultConfigurationName = Release;
		};
		A5C06C6529D8ADF200A81002 /* Build configuration list for PBXNativeTarget "SpaceXTests" */ = {
			isa = XCConfigurationList;
			buildConfigurations = (
				A5C06C6629D8ADF200A81002 /* Debug */,
				A5C06C6729D8ADF200A81002 /* Release */,
			);
			defaultConfigurationIsVisible = 0;
			defaultConfigurationName = Release;
		};
		A5C06C6829D8ADF200A81002 /* Build configuration list for PBXNativeTarget "SpaceXUITests" */ = {
			isa = XCConfigurationList;
			buildConfigurations = (
				A5C06C6929D8ADF200A81002 /* Debug */,
				A5C06C6A29D8ADF200A81002 /* Release */,
			);
			defaultConfigurationIsVisible = 0;
			defaultConfigurationName = Release;
		};
/* End XCConfigurationList section */
	};
	rootObject = A5C06C3029D8ADF100A81002 /* Project object */;
}
